
Microsoft Visual Studio Solution File, Format Version 12.00
# Visual Studio 2013
VisualStudioVersion = 12.0.30723.0
MinimumVisualStudioVersion = 10.0.40219.1
Project("{FAE04EC0-301F-11D3-BF4B-00C04F79EFBC}") = "XkPassword", "XkPassword\XkPassword.csproj", "{315C9202-C9D8-4DA2-86A4-63D7BB018A20}"
EndProject
Project("{FAE04EC0-301F-11D3-BF4B-00C04F79EFBC}") = "XkPassword.Demo", "XkPassword.Demo\XkPassword.Demo.csproj", "{5D3772AB-02E3-469A-8464-689573D09079}"
EndProject
Project("{2150E333-8FDC-42A3-9474-1A3956D46DE8}") = "Documentation", "Documentation", "{867A2549-C1F2-4036-AC18-DBB537723C97}"
	ProjectSection(SolutionItems) = preProject
		LICENSE = LICENSE
		LICENSE.WordList = LICENSE.WordList
		LICENSE.XkPassword = LICENSE.XkPassword
		README.md = README.md
	EndProjectSection
EndProject
Project("{2150E333-8FDC-42A3-9474-1A3956D46DE8}") = "Git Files", "Git Files", "{87D1FD17-E878-414B-B6AD-8B83317F7F72}"
	ProjectSection(SolutionItems) = preProject
		.gitattributes = .gitattributes
		.gitignore = .gitignore
	EndProjectSection
EndProject
Global
	GlobalSection(SolutionConfigurationPlatforms) = preSolution
		Debug|Any CPU = Debug|Any CPU
		Release|Any CPU = Release|Any CPU
	EndGlobalSection
	GlobalSection(ProjectConfigurationPlatforms) = postSolution
		{315C9202-C9D8-4DA2-86A4-63D7BB018A20}.Debug|Any CPU.ActiveCfg = Debug|Any CPU
		{315C9202-C9D8-4DA2-86A4-63D7BB018A20}.Debug|Any CPU.Build.0 = Debug|Any CPU
		{315C9202-C9D8-4DA2-86A4-63D7BB018A20}.Release|Any CPU.ActiveCfg = Release|Any CPU
		{315C9202-C9D8-4DA2-86A4-63D7BB018A20}.Release|Any CPU.Build.0 = Release|Any CPU
		{5D3772AB-02E3-469A-8464-689573D09079}.Debug|Any CPU.ActiveCfg = Debug|Any CPU
		{5D3772AB-02E3-469A-8464-689573D09079}.Debug|Any CPU.Build.0 = Debug|Any CPU
		{5D3772AB-02E3-469A-8464-689573D09079}.Release|Any CPU.ActiveCfg = Release|Any CPU
		{5D3772AB-02E3-469A-8464-689573D09079}.Release|Any CPU.Build.0 = Release|Any CPU
	EndGlobalSection
	GlobalSection(SolutionProperties) = preSolution
		HideSolutionNode = FALSE
	EndGlobalSection
EndGlobal
